# Rust 1.98.1, channel manifest dated 2026-09-03.
# component<TAB>host-or-target<TAB>upstream-url<TAB>sha256
cargo	aarch64-apple-darwin	https://static.rust-lang.org/dist/2026-09-03/cargo-1.98.1-aarch64-apple-darwin.tar.gz	ea0fb08d419cd2049fc6397a3ddb820d90b52ea1b5aea378c321138f36d9894c
cargo	aarch64-unknown-linux-gnu	https://static.rust-lang.org/dist/2026-09-03/cargo-1.98.1-aarch64-unknown-linux-gnu.tar.gz	a464c555c6f3146ee6854d0c1f4da85f514519e70813de6df277ced0e188c471
cargo	x86_64-apple-darwin	https://static.rust-lang.org/dist/2026-09-03/cargo-1.98.1-x86_64-apple-darwin.tar.gz	29adc1c530fcd4abae1b5b71414032a5712091e61a3a29adcb8a5faf9379c64b
cargo	x86_64-unknown-linux-gnu	https://static.rust-lang.org/dist/2026-09-03/cargo-1.98.1-x86_64-unknown-linux-gnu.tar.gz	3f1215b2a3b88c7aaa008b561bd4f39d6c6672fa7821e562ab6ba1a6d6f37f61
rust-std	aarch64-apple-darwin	https://static.rust-lang.org/dist/2026-09-03/rust-std-1.98.1-aarch64-apple-darwin.tar.gz	840484e8f9c2a8ed024b706262a1257bb07d9617670a1fc90020536282950690
rust-std	aarch64-unknown-linux-gnu	https://static.rust-lang.org/dist/2026-09-03/rust-std-1.98.1-aarch64-unknown-linux-gnu.tar.gz	779407b14507542581216d89eb9f3fbb232abbf3abcc15c365cb32fa0614e409
rust-std	x86_64-apple-darwin	https://static.rust-lang.org/dist/2026-09-03/rust-std-1.98.1-x86_64-apple-darwin.tar.gz	af7ffb3b408aa2f6a6940fc83ea6dc9c3e919d18f1b04f1a581b7896441e8b78
rust-std	x86_64-unknown-linux-gnu	https://static.rust-lang.org/dist/2026-09-03/rust-std-1.98.1-x86_64-unknown-linux-gnu.tar.gz	eddab0358cbd12aeb897716aab00d1db7b59696e85b9ac4982e72259a9a976b1
rustc	aarch64-apple-darwin	https://static.rust-lang.org/dist/2026-09-03/rustc-1.98.1-aarch64-apple-darwin.tar.gz	a23663300d59b6c46d0b6d8fe95931fecebebd6b0462cf19e72ee60e049e181a
rustc	aarch64-unknown-linux-gnu	https://static.rust-lang.org/dist/2026-09-03/rustc-1.98.1-aarch64-unknown-linux-gnu.tar.gz	c6998e0d7faa373ba9d571715dcd04626a7735619bc1c37cfcaadf6efffc1f74
rustc	x86_64-apple-darwin	https://static.rust-lang.org/dist/2026-09-03/rustc-1.98.1-x86_64-apple-darwin.tar.gz	0d79ceeee99ff619b76330f7115b730dfdcc34cf5fbea80d3d099630bfb78c68
rustc	x86_64-unknown-linux-gnu	https://static.rust-lang.org/dist/2026-09-03/rustc-1.98.1-x86_64-unknown-linux-gnu.tar.gz	a6e35741daaac7978e7f485b564a783d13b6740a1ecf3e80c2e71696ca5cabb2
